
Microsoft Visual Studio Solution File, Format Version 12.00
# Visual Studio Version 17
VisualStudioVersion = 17.7.34031.279
MinimumVisualStudioVersion = 10.0.40219.1
Project("{FAE04EC0-301F-11D3-BF4B-00C04F79EFBC}") = "ApiNet7WithJwtAndIdentity", "ApiNet7WithJwtAndIdentity\ApiNet7WithJwtAndIdentity.csproj", "{67967273-3D7E-4CEC-8F65-7046A344C6E3}"
EndProject
Global
	GlobalSection(SolutionConfigurationPlatforms) = preSolution
		Debug|Any CPU = Debug|Any CPU
		Release|Any CPU = Release|Any CPU
	EndGlobalSection
	GlobalSection(ProjectConfigurationPlatforms) = postSolution
		{67967273-3D7E-4CEC-8F65-7046A344C6E3}.Debug|Any CPU.ActiveCfg = Debug|Any CPU
		{67967273-3D7E-4CEC-8F65-7046A344C6E3}.Debug|Any CPU.Build.0 = Debug|Any CPU
		{67967273-3D7E-4CEC-8F65-7046A344C6E3}.Release|Any CPU.ActiveCfg = Release|Any CPU
		{67967273-3D7E-4CEC-8F65-7046A344C6E3}.Release|Any CPU.Build.0 = Release|Any CPU
	EndGlobalSection
	GlobalSection(SolutionProperties) = preSolution
		HideSolutionNode = FALSE
	EndGlobalSection
	GlobalSection(ExtensibilityGlobals) = postSolution
		SolutionGuid = {4DA1FD55-6880-4315-BC36-2BB7FE7F0B9D}
	EndGlobalSection
EndGlobal
